
Microsoft Visual Studio Solution File, Format Version 12.00
# Visual Studio Version 16
VisualStudioVersion = 16.0.30523.141
MinimumVisualStudioVersion = 10.0.40219.1
Project("{FAE04EC0-301F-11D3-BF4B-00C04F79EFBC}") = "Mobile.Android", "Mobile.Android\Mobile.Android.csproj", "{425E7562-3264-4183-B70D-29C2AE57437D}"
EndProject
Project("{FAE04EC0-301F-11D3-BF4B-00C04F79EFBC}") = "Mobile", "Mobile\Mobile.csproj", "{F61C1AE2-486C-417D-92F8-C0BF469890D5}"
EndProject
Global
	GlobalSection(SolutionConfigurationPlatforms) = preSolution
		Debug|Any CPU = Debug|Any CPU
		Release|Any CPU = Release|Any CPU
	EndGlobalSection
	GlobalSection(ProjectConfigurationPlatforms) = postSolution
		{425E7562-3264-4183-B70D-29C2AE57437D}.Debug|Any CPU.ActiveCfg = Debug|Any CPU
		{425E7562-3264-4183-B70D-29C2AE57437D}.Debug|Any CPU.Build.0 = Debug|Any CPU
		{425E7562-3264-4183-B70D-29C2AE57437D}.Debug|Any CPU.Deploy.0 = Debug|Any CPU
		{425E7562-3264-4183-B70D-29C2AE57437D}.Release|Any CPU.ActiveCfg = Release|Any CPU
		{425E7562-3264-4183-B70D-29C2AE57437D}.Release|Any CPU.Build.0 = Release|Any CPU
		{425E7562-3264-4183-B70D-29C2AE57437D}.Release|Any CPU.Deploy.0 = Release|Any CPU
		{F61C1AE2-486C-417D-92F8-C0BF469890D5}.Debug|Any CPU.ActiveCfg = Debug|Any CPU
		{F61C1AE2-486C-417D-92F8-C0BF469890D5}.Debug|Any CPU.Build.0 = Debug|Any CPU
		{F61C1AE2-486C-417D-92F8-C0BF469890D5}.Debug|Any CPU.Deploy.0 = Debug|Any CPU
		{F61C1AE2-486C-417D-92F8-C0BF469890D5}.Release|Any CPU.ActiveCfg = Release|Any CPU
		{F61C1AE2-486C-417D-92F8-C0BF469890D5}.Release|Any CPU.Build.0 = Release|Any CPU
		{F61C1AE2-486C-417D-92F8-C0BF469890D5}.Release|Any CPU.Deploy.0 = Release|Any CPU
	EndGlobalSection
	GlobalSection(SolutionProperties) = preSolution
		HideSolutionNode = FALSE
	EndGlobalSection
	GlobalSection(ExtensibilityGlobals) = postSolution
		SolutionGuid = {290DB8AF-2FD9-4ACB-AB5D-BFD1AF92A5E3}
	EndGlobalSection
EndGlobal
